
Microsoft Visual Studio Solution File, Format Version 12.00
# Visual Studio 14
VisualStudioVersion = 14.0.23107.0
MinimumVisualStudioVersion = 10.0.40219.1
Project("{FAE04EC0-301F-11D3-BF4B-00C04F79EFBC}") = "Cinder.Platform", "Platform\SHS.Platform\Cinder.Platform.csproj", "{F2888462-7197-43CD-AEE5-C86BAB483ADD}"
EndProject
Project("{FAE04EC0-301F-11D3-BF4B-00C04F79EFBC}") = "Cinder.Core.Domain", "Models\SHS.Core.Domain\Cinder.Core.Domain.csproj", "{280B6B78-F0D9-4A71-911E-C3DFA0F138A2}"
EndProject
Project("{2150E333-8FDC-42A3-9474-1A3956D46DE8}") = "Platform", "Platform", "{D966D6A7-3CB4-4F89-A0BE-3BFCFB0669E8}"
EndProject
Project("{2150E333-8FDC-42A3-9474-1A3956D46DE8}") = "Models", "Models", "{A235FDF4-16DC-4397-AAD2-EE929C0F45BC}"
EndProject
Project("{2150E333-8FDC-42A3-9474-1A3956D46DE8}") = "DevOps", "DevOps", "{13805526-142A-4814-92D0-1D875A0A3620}"
EndProject
Project("{2150E333-8FDC-42A3-9474-1A3956D46DE8}") = "ResourceGroups", "ResourceGroups", "{981E7A95-B1CE-4271-AC92-996D82DFD755}"
	ProjectSection(SolutionItems) = preProject
		DevOps\ResourceGroups\Azure-Init-Powershell.ps1 = DevOps\ResourceGroups\Azure-Init-Powershell.ps1
		DevOps\ResourceGroups\SHS-Demo.ps1 = DevOps\ResourceGroups\SHS-Demo.ps1
		DevOps\ResourceGroups\SHS-Dev.ps1 = DevOps\ResourceGroups\SHS-Dev.ps1
		DevOps\ResourceGroups\SHS-Environment.json = DevOps\ResourceGroups\SHS-Environment.json
		DevOps\ResourceGroups\SHS-Init-ResourceManager.ps1 = DevOps\ResourceGroups\SHS-Init-ResourceManager.ps1
		DevOps\ResourceGroups\SHS-Test.ps1 = DevOps\ResourceGroups\SHS-Test.ps1
	EndProjectSection
EndProject
Project("{2150E333-8FDC-42A3-9474-1A3956D46DE8}") = "Clients", "Clients", "{B6FE9EFC-4842-4D4B-859C-706C857CFACF}"
EndProject
Project("{2150E333-8FDC-42A3-9474-1A3956D46DE8}") = "Cinder.Windows.Core", "Cinder.Windows.Core", "{AFA7B620-980A-4741-A0F6-EE456776BC99}"
EndProject
Project("{2150E333-8FDC-42A3-9474-1A3956D46DE8}") = "Cinder.Windows.AdminTool", "Cinder.Windows.AdminTool", "{E8FEA75D-DB16-46DF-AE6C-98540A050D9A}"
EndProject
Project("{FAE04EC0-301F-11D3-BF4B-00C04F79EFBC}") = "Cinder.Windows.AdminTool", "Cinder.Windows.AdminTool\Cinder.Windows.AdminTool.csproj", "{02196E86-73FF-4552-AC82-141E5DA48C27}"
EndProject
Project("{FAE04EC0-301F-11D3-BF4B-00C04F79EFBC}") = "Cinder.Windows.Core", "Cinder.Windows.Core\Cinder.Windows.Core.csproj", "{CDC05E30-8D6C-4684-A500-E69A63BD6876}"
EndProject
Project("{2150E333-8FDC-42A3-9474-1A3956D46DE8}") = "PublishScripts", "PublishScripts", "{4FFC67EB-9FA7-4F0E-959D-1B593F3F0D1A}"
	ProjectSection(SolutionItems) = preProject
		PublishScripts\AzureVMPublishModule.psm1 = PublishScripts\AzureVMPublishModule.psm1
		PublishScripts\Publish-WebApplicationVM.ps1 = PublishScripts\Publish-WebApplicationVM.ps1
	EndProjectSection
EndProject
Project("{2150E333-8FDC-42A3-9474-1A3956D46DE8}") = "Configurations", "Configurations", "{B88315BF-C943-45ED-B7C1-09585F05253D}"
	ProjectSection(SolutionItems) = preProject
		PublishScripts\Configurations\CinderPlatformServices-WAWS-dev.json = PublishScripts\Configurations\CinderPlatformServices-WAWS-dev.json
	EndProjectSection
EndProject
Project("{FAE04EC0-301F-11D3-BF4B-00C04F79EFBC}") = "Cinder.Platform.Services", "Cinder.Platform.Services\Cinder.Platform.Services.csproj", "{32B0338D-46CF-47D0-B6E7-4F5D1E88CAB2}"
EndProject
Project("{2150E333-8FDC-42A3-9474-1A3956D46DE8}") = "Bindings", "Bindings", "{CF8A6BFF-BFB0-4B80-9C4B-DCE7E0B80B5D}"
EndProject
Project("{FAE04EC0-301F-11D3-BF4B-00C04F79EFBC}") = "Cinder.Clients.Bindings", "Cinder.Clients.Bindings\Cinder.Clients.Bindings.csproj", "{9A49CA7A-FBAD-442C-8BDF-1B6B12592457}"
EndProject
Project("{2150E333-8FDC-42A3-9474-1A3956D46DE8}") = "API", "API", "{A182AB60-3760-45A4-91D0-F3D6550E6C53}"
EndProject
Project("{FAE04EC0-301F-11D3-BF4B-00C04F79EFBC}") = "Cinder.Core.Interfaces", "Cinder.Core.Interfaces\Cinder.Core.Interfaces.csproj", "{CBEB7F3D-468F-40DF-99BB-D289926E1A7B}"
EndProject
Project("{FAE04EC0-301F-11D3-BF4B-00C04F79EFBC}") = "Cinder.Clients.Bindings.Test", "Cinder.Clients.Bindings.Test\Cinder.Clients.Bindings.Test.csproj", "{E10E39C1-7815-416B-A8E5-E8900F1A1BD5}"
EndProject
Global
	GlobalSection(SolutionConfigurationPlatforms) = preSolution
		Debug|Any CPU = Debug|Any CPU
		Debug|ARM = Debug|ARM
		Debug|x64 = Debug|x64
		Debug|x86 = Debug|x86
		Development|Any CPU = Development|Any CPU
		Development|ARM = Development|ARM
		Development|x64 = Development|x64
		Development|x86 = Development|x86
		Local|Any CPU = Local|Any CPU
		Local|ARM = Local|ARM
		Local|x64 = Local|x64
		Local|x86 = Local|x86
		Release|Any CPU = Release|Any CPU
		Release|ARM = Release|ARM
		Release|x64 = Release|x64
		Release|x86 = Release|x86
		Test|Any CPU = Test|Any CPU
		Test|ARM = Test|ARM
		Test|x64 = Test|x64
		Test|x86 = Test|x86
	EndGlobalSection
	GlobalSection(ProjectConfigurationPlatforms) = postSolution
		{F2888462-7197-43CD-AEE5-C86BAB483ADD}.Debug|Any CPU.ActiveCfg = Debug|Any CPU
		{F2888462-7197-43CD-AEE5-C86BAB483ADD}.Debug|Any CPU.Build.0 = Debug|Any CPU
		{F2888462-7197-43CD-AEE5-C86BAB483ADD}.Debug|ARM.ActiveCfg = Debug|Any CPU
		{F2888462-7197-43CD-AEE5-C86BAB483ADD}.Debug|ARM.Build.0 = Debug|Any CPU
		{F2888462-7197-43CD-AEE5-C86BAB483ADD}.Debug|x64.ActiveCfg = Debug|Any CPU
		{F2888462-7197-43CD-AEE5-C86BAB483ADD}.Debug|x64.Build.0 = Debug|Any CPU
		{F2888462-7197-43CD-AEE5-C86BAB483ADD}.Debug|x86.ActiveCfg = Debug|Any CPU
		{F2888462-7197-43CD-AEE5-C86BAB483ADD}.Development|Any CPU.ActiveCfg = Development|Any CPU
		{F2888462-7197-43CD-AEE5-C86BAB483ADD}.Development|Any CPU.Build.0 = Development|Any CPU
		{F2888462-7197-43CD-AEE5-C86BAB483ADD}.Development|ARM.ActiveCfg = Development|Any CPU
		{F2888462-7197-43CD-AEE5-C86BAB483ADD}.Development|ARM.Build.0 = Development|Any CPU
		{F2888462-7197-43CD-AEE5-C86BAB483ADD}.Development|x64.ActiveCfg = Development|Any CPU
		{F2888462-7197-43CD-AEE5-C86BAB483ADD}.Development|x64.Build.0 = Development|Any CPU
		{F2888462-7197-43CD-AEE5-C86BAB483ADD}.Development|x86.ActiveCfg = Development|Any CPU
		{F2888462-7197-43CD-AEE5-C86BAB483ADD}.Development|x86.Build.0 = Development|Any CPU
		{F2888462-7197-43CD-AEE5-C86BAB483ADD}.Local|Any CPU.ActiveCfg = Local|Any CPU
		{F2888462-7197-43CD-AEE5-C86BAB483ADD}.Local|Any CPU.Build.0 = Local|Any CPU
		{F2888462-7197-43CD-AEE5-C86BAB483ADD}.Local|ARM.ActiveCfg = Local|Any CPU
		{F2888462-7197-43CD-AEE5-C86BAB483ADD}.Local|ARM.Build.0 = Local|Any CPU
		{F2888462-7197-43CD-AEE5-C86BAB483ADD}.Local|x64.ActiveCfg = Local|Any CPU
		{F2888462-7197-43CD-AEE5-C86BAB483ADD}.Local|x64.Build.0 = Local|Any CPU
		{F2888462-7197-43CD-AEE5-C86BAB483ADD}.Local|x86.ActiveCfg = Local|Any CPU
		{F2888462-7197-43CD-AEE5-C86BAB483ADD}.Local|x86.Build.0 = Local|Any CPU
		{F2888462-7197-43CD-AEE5-C86BAB483ADD}.Release|Any CPU.ActiveCfg = Release|Any CPU
		{F2888462-7197-43CD-AEE5-C86BAB483ADD}.Release|Any CPU.Build.0 = Release|Any CPU
		{F2888462-7197-43CD-AEE5-C86BAB483ADD}.Release|ARM.ActiveCfg = Release|Any CPU
		{F2888462-7197-43CD-AEE5-C86BAB483ADD}.Release|ARM.Build.0 = Release|Any CPU
		{F2888462-7197-43CD-AEE5-C86BAB483ADD}.Release|x64.ActiveCfg = Release|Any CPU
		{F2888462-7197-43CD-AEE5-C86BAB483ADD}.Release|x64.Build.0 = Release|Any CPU
		{F2888462-7197-43CD-AEE5-C86BAB483ADD}.Release|x86.ActiveCfg = Release|Any CPU
		{F2888462-7197-43CD-AEE5-C86BAB483ADD}.Release|x86.Build.0 = Release|Any CPU
		{F2888462-7197-43CD-AEE5-C86BAB483ADD}.Test|Any CPU.ActiveCfg = Test|Any CPU
		{F2888462-7197-43CD-AEE5-C86BAB483ADD}.Test|Any CPU.Build.0 = Test|Any CPU
		{F2888462-7197-43CD-AEE5-C86BAB483ADD}.Test|ARM.ActiveCfg = Test|Any CPU
		{F2888462-7197-43CD-AEE5-C86BAB483ADD}.Test|ARM.Build.0 = Test|Any CPU
		{F2888462-7197-43CD-AEE5-C86BAB483ADD}.Test|x64.ActiveCfg = Test|Any CPU
		{F2888462-7197-43CD-AEE5-C86BAB483ADD}.Test|x64.Build.0 = Test|Any CPU
		{F2888462-7197-43CD-AEE5-C86BAB483ADD}.Test|x86.ActiveCfg = Test|Any CPU
		{F2888462-7197-43CD-AEE5-C86BAB483ADD}.Test|x86.Build.0 = Test|Any CPU
		{280B6B78-F0D9-4A71-911E-C3DFA0F138A2}.Debug|Any CPU.ActiveCfg = Debug|Any CPU
		{280B6B78-F0D9-4A71-911E-C3DFA0F138A2}.Debug|Any CPU.Build.0 = Debug|Any CPU
		{280B6B78-F0D9-4A71-911E-C3DFA0F138A2}.Debug|ARM.ActiveCfg = Debug|Any CPU
		{280B6B78-F0D9-4A71-911E-C3DFA0F138A2}.Debug|ARM.Build.0 = Debug|Any CPU
		{280B6B78-F0D9-4A71-911E-C3DFA0F138A2}.Debug|x64.ActiveCfg = Debug|Any CPU
		{280B6B78-F0D9-4A71-911E-C3DFA0F138A2}.Debug|x64.Build.0 = Debug|Any CPU
		{280B6B78-F0D9-4A71-911E-C3DFA0F138A2}.Debug|x86.ActiveCfg = Debug|Any CPU
		{280B6B78-F0D9-4A71-911E-C3DFA0F138A2}.Development|Any CPU.ActiveCfg = Development|Any CPU
		{280B6B78-F0D9-4A71-911E-C3DFA0F138A2}.Development|Any CPU.Build.0 = Development|Any CPU
		{280B6B78-F0D9-4A71-911E-C3DFA0F138A2}.Development|ARM.ActiveCfg = Development|Any CPU
		{280B6B78-F0D9-4A71-911E-C3DFA0F138A2}.Development|ARM.Build.0 = Development|Any CPU
		{280B6B78-F0D9-4A71-911E-C3DFA0F138A2}.Development|x64.ActiveCfg = Development|Any CPU
		{280B6B78-F0D9-4A71-911E-C3DFA0F138A2}.Development|x64.Build.0 = Development|Any CPU
		{280B6B78-F0D9-4A71-911E-C3DFA0F138A2}.Development|x86.ActiveCfg = Development|Any CPU
		{280B6B78-F0D9-4A71-911E-C3DFA0F138A2}.Development|x86.Build.0 = Development|Any CPU
		{280B6B78-F0D9-4A71-911E-C3DFA0F138A2}.Local|Any CPU.ActiveCfg = Local|Any CPU
		{280B6B78-F0D9-4A71-911E-C3DFA0F138A2}.Local|Any CPU.Build.0 = Local|Any CPU
		{280B6B78-F0D9-4A71-911E-C3DFA0F138A2}.Local|ARM.ActiveCfg = Local|Any CPU
		{280B6B78-F0D9-4A71-911E-C3DFA0F138A2}.Local|ARM.Build.0 = Local|Any CPU
		{280B6B78-F0D9-4A71-911E-C3DFA0F138A2}.Local|x64.ActiveCfg = Local|Any CPU
		{280B6B78-F0D9-4A71-911E-C3DFA0F138A2}.Local|x64.Build.0 = Local|Any CPU
		{280B6B78-F0D9-4A71-911E-C3DFA0F138A2}.Local|x86.ActiveCfg = Local|Any CPU
		{280B6B78-F0D9-4A71-911E-C3DFA0F138A2}.Local|x86.Build.0 = Local|Any CPU
		{280B6B78-F0D9-4A71-911E-C3DFA0F138A2}.Release|Any CPU.ActiveCfg = Release|Any CPU
		{280B6B78-F0D9-4A71-911E-C3DFA0F138A2}.Release|Any CPU.Build.0 = Release|Any CPU
		{280B6B78-F0D9-4A71-911E-C3DFA0F138A2}.Release|ARM.ActiveCfg = Release|Any CPU
		{280B6B78-F0D9-4A71-911E-C3DFA0F138A2}.Release|ARM.Build.0 = Release|Any CPU
		{280B6B78-F0D9-4A71-911E-C3DFA0F138A2}.Release|x64.ActiveCfg = Release|Any CPU
		{280B6B78-F0D9-4A71-911E-C3DFA0F138A2}.Release|x64.Build.0 = Release|Any CPU
		{280B6B78-F0D9-4A71-911E-C3DFA0F138A2}.Release|x86.ActiveCfg = Release|Any CPU
		{280B6B78-F0D9-4A71-911E-C3DFA0F138A2}.Release|x86.Build.0 = Release|Any CPU
		{280B6B78-F0D9-4A71-911E-C3DFA0F138A2}.Test|Any CPU.ActiveCfg = Test|Any CPU
		{280B6B78-F0D9-4A71-911E-C3DFA0F138A2}.Test|Any CPU.Build.0 = Test|Any CPU
		{280B6B78-F0D9-4A71-911E-C3DFA0F138A2}.Test|ARM.ActiveCfg = Test|Any CPU
		{280B6B78-F0D9-4A71-911E-C3DFA0F138A2}.Test|ARM.Build.0 = Test|Any CPU
		{280B6B78-F0D9-4A71-911E-C3DFA0F138A2}.Test|x64.ActiveCfg = Test|Any CPU
		{280B6B78-F0D9-4A71-911E-C3DFA0F138A2}.Test|x64.Build.0 = Test|Any CPU
		{280B6B78-F0D9-4A71-911E-C3DFA0F138A2}.Test|x86.ActiveCfg = Test|Any CPU
		{280B6B78-F0D9-4A71-911E-C3DFA0F138A2}.Test|x86.Build.0 = Test|Any CPU
		{02196E86-73FF-4552-AC82-141E5DA48C27}.Debug|Any CPU.ActiveCfg = Debug|x86
		{02196E86-73FF-4552-AC82-141E5DA48C27}.Debug|ARM.ActiveCfg = Debug|ARM
		{02196E86-73FF-4552-AC82-141E5DA48C27}.Debug|ARM.Build.0 = Debug|ARM
		{02196E86-73FF-4552-AC82-141E5DA48C27}.Debug|ARM.Deploy.0 = Debug|ARM
		{02196E86-73FF-4552-AC82-141E5DA48C27}.Debug|x64.ActiveCfg = Debug|x64
		{02196E86-73FF-4552-AC82-141E5DA48C27}.Debug|x64.Build.0 = Debug|x64
		{02196E86-73FF-4552-AC82-141E5DA48C27}.Debug|x64.Deploy.0 = Debug|x64
		{02196E86-73FF-4552-AC82-141E5DA48C27}.Debug|x86.ActiveCfg = Debug|x86
		{02196E86-73FF-4552-AC82-141E5DA48C27}.Debug|x86.Build.0 = Debug|x86
		{02196E86-73FF-4552-AC82-141E5DA48C27}.Debug|x86.Deploy.0 = Debug|x86
		{02196E86-73FF-4552-AC82-141E5DA48C27}.Development|Any CPU.ActiveCfg = Release|x86
		{02196E86-73FF-4552-AC82-141E5DA48C27}.Development|Any CPU.Build.0 = Release|x86
		{02196E86-73FF-4552-AC82-141E5DA48C27}.Development|Any CPU.Deploy.0 = Release|x86
		{02196E86-73FF-4552-AC82-141E5DA48C27}.Development|ARM.ActiveCfg = Debug|ARM
		{02196E86-73FF-4552-AC82-141E5DA48C27}.Development|ARM.Build.0 = Debug|ARM
		{02196E86-73FF-4552-AC82-141E5DA48C27}.Development|ARM.Deploy.0 = Debug|ARM
		{02196E86-73FF-4552-AC82-141E5DA48C27}.Development|x64.ActiveCfg = Debug|x64
		{02196E86-73FF-4552-AC82-141E5DA48C27}.Development|x64.Build.0 = Debug|x64
		{02196E86-73FF-4552-AC82-141E5DA48C27}.Development|x64.Deploy.0 = Debug|x64
		{02196E86-73FF-4552-AC82-141E5DA48C27}.Development|x86.ActiveCfg = Debug|x86
		{02196E86-73FF-4552-AC82-141E5DA48C27}.Development|x86.Build.0 = Debug|x86
		{02196E86-73FF-4552-AC82-141E5DA48C27}.Development|x86.Deploy.0 = Debug|x86
		{02196E86-73FF-4552-AC82-141E5DA48C27}.Local|Any CPU.ActiveCfg = Release|x86
		{02196E86-73FF-4552-AC82-141E5DA48C27}.Local|Any CPU.Build.0 = Release|x86
		{02196E86-73FF-4552-AC82-141E5DA48C27}.Local|Any CPU.Deploy.0 = Release|x86
		{02196E86-73FF-4552-AC82-141E5DA48C27}.Local|ARM.ActiveCfg = Release|ARM
		{02196E86-73FF-4552-AC82-141E5DA48C27}.Local|ARM.Build.0 = Release|ARM
		{02196E86-73FF-4552-AC82-141E5DA48C27}.Local|ARM.Deploy.0 = Release|ARM
		{02196E86-73FF-4552-AC82-141E5DA48C27}.Local|x64.ActiveCfg = Release|x64
		{02196E86-73FF-4552-AC82-141E5DA48C27}.Local|x64.Build.0 = Release|x64
		{02196E86-73FF-4552-AC82-141E5DA48C27}.Local|x64.Deploy.0 = Release|x64
		{02196E86-73FF-4552-AC82-141E5DA48C27}.Local|x86.ActiveCfg = Release|x86
		{02196E86-73FF-4552-AC82-141E5DA48C27}.Local|x86.Build.0 = Release|x86
		{02196E86-73FF-4552-AC82-141E5DA48C27}.Local|x86.Deploy.0 = Release|x86
		{02196E86-73FF-4552-AC82-141E5DA48C27}.Release|Any CPU.ActiveCfg = Release|x86
		{02196E86-73FF-4552-AC82-141E5DA48C27}.Release|ARM.ActiveCfg = Release|ARM
		{02196E86-73FF-4552-AC82-141E5DA48C27}.Release|ARM.Build.0 = Release|ARM
		{02196E86-73FF-4552-AC82-141E5DA48C27}.Release|ARM.Deploy.0 = Release|ARM
		{02196E86-73FF-4552-AC82-141E5DA48C27}.Release|x64.ActiveCfg = Release|x64
		{02196E86-73FF-4552-AC82-141E5DA48C27}.Release|x64.Build.0 = Release|x64
		{02196E86-73FF-4552-AC82-141E5DA48C27}.Release|x64.Deploy.0 = Release|x64
		{02196E86-73FF-4552-AC82-141E5DA48C27}.Release|x86.ActiveCfg = Release|x86
		{02196E86-73FF-4552-AC82-141E5DA48C27}.Release|x86.Build.0 = Release|x86
		{02196E86-73FF-4552-AC82-141E5DA48C27}.Release|x86.Deploy.0 = Release|x86
		{02196E86-73FF-4552-AC82-141E5DA48C27}.Test|Any CPU.ActiveCfg = Release|x86
		{02196E86-73FF-4552-AC82-141E5DA48C27}.Test|Any CPU.Build.0 = Release|x86
		{02196E86-73FF-4552-AC82-141E5DA48C27}.Test|Any CPU.Deploy.0 = Release|x86
		{02196E86-73FF-4552-AC82-141E5DA48C27}.Test|ARM.ActiveCfg = Release|ARM
		{02196E86-73FF-4552-AC82-141E5DA48C27}.Test|ARM.Build.0 = Release|ARM
		{02196E86-73FF-4552-AC82-141E5DA48C27}.Test|ARM.Deploy.0 = Release|ARM
		{02196E86-73FF-4552-AC82-141E5DA48C27}.Test|x64.ActiveCfg = Release|x64
		{02196E86-73FF-4552-AC82-141E5DA48C27}.Test|x64.Build.0 = Release|x64
		{02196E86-73FF-4552-AC82-141E5DA48C27}.Test|x64.Deploy.0 = Release|x64
		{02196E86-73FF-4552-AC82-141E5DA48C27}.Test|x86.ActiveCfg = Release|x86
		{02196E86-73FF-4552-AC82-141E5DA48C27}.Test|x86.Build.0 = Release|x86
		{02196E86-73FF-4552-AC82-141E5DA48C27}.Test|x86.Deploy.0 = Release|x86
		{CDC05E30-8D6C-4684-A500-E69A63BD6876}.Debug|Any CPU.ActiveCfg = Debug|Any CPU
		{CDC05E30-8D6C-4684-A500-E69A63BD6876}.Debug|Any CPU.Build.0 = Debug|Any CPU
		{CDC05E30-8D6C-4684-A500-E69A63BD6876}.Debug|ARM.ActiveCfg = Debug|ARM
		{CDC05E30-8D6C-4684-A500-E69A63BD6876}.Debug|ARM.Build.0 = Debug|ARM
		{CDC05E30-8D6C-4684-A500-E69A63BD6876}.Debug|x64.ActiveCfg = Debug|x64
		{CDC05E30-8D6C-4684-A500-E69A63BD6876}.Debug|x64.Build.0 = Debug|x64
		{CDC05E30-8D6C-4684-A500-E69A63BD6876}.Debug|x86.ActiveCfg = Debug|x86
		{CDC05E30-8D6C-4684-A500-E69A63BD6876}.Debug|x86.Build.0 = Debug|x86
		{CDC05E30-8D6C-4684-A500-E69A63BD6876}.Development|Any CPU.ActiveCfg = Debug|Any CPU
		{CDC05E30-8D6C-4684-A500-E69A63BD6876}.Development|Any CPU.Build.0 = Debug|Any CPU
		{CDC05E30-8D6C-4684-A500-E69A63BD6876}.Development|ARM.ActiveCfg = Debug|ARM
		{CDC05E30-8D6C-4684-A500-E69A63BD6876}.Development|ARM.Build.0 = Debug|ARM
		{CDC05E30-8D6C-4684-A500-E69A63BD6876}.Development|x64.ActiveCfg = Debug|x64
		{CDC05E30-8D6C-4684-A500-E69A63BD6876}.Development|x64.Build.0 = Debug|x64
		{CDC05E30-8D6C-4684-A500-E69A63BD6876}.Development|x86.ActiveCfg = Debug|x86
		{CDC05E30-8D6C-4684-A500-E69A63BD6876}.Development|x86.Build.0 = Debug|x86
		{CDC05E30-8D6C-4684-A500-E69A63BD6876}.Local|Any CPU.ActiveCfg = Release|Any CPU
		{CDC05E30-8D6C-4684-A500-E69A63BD6876}.Local|Any CPU.Build.0 = Release|Any CPU
		{CDC05E30-8D6C-4684-A500-E69A63BD6876}.Local|ARM.ActiveCfg = Release|ARM
		{CDC05E30-8D6C-4684-A500-E69A63BD6876}.Local|ARM.Build.0 = Release|ARM
		{CDC05E30-8D6C-4684-A500-E69A63BD6876}.Local|x64.ActiveCfg = Release|x64
		{CDC05E30-8D6C-4684-A500-E69A63BD6876}.Local|x64.Build.0 = Release|x64
		{CDC05E30-8D6C-4684-A500-E69A63BD6876}.Local|x86.ActiveCfg = Release|x86
		{CDC05E30-8D6C-4684-A500-E69A63BD6876}.Local|x86.Build.0 = Release|x86
		{CDC05E30-8D6C-4684-A500-E69A63BD6876}.Release|Any CPU.ActiveCfg = Release|Any CPU
		{CDC05E30-8D6C-4684-A500-E69A63BD6876}.Release|Any CPU.Build.0 = Release|Any CPU
		{CDC05E30-8D6C-4684-A500-E69A63BD6876}.Release|ARM.ActiveCfg = Release|ARM
		{CDC05E30-8D6C-4684-A500-E69A63BD6876}.Release|ARM.Build.0 = Release|ARM
		{CDC05E30-8D6C-4684-A500-E69A63BD6876}.Release|x64.ActiveCfg = Release|x64
		{CDC05E30-8D6C-4684-A500-E69A63BD6876}.Release|x64.Build.0 = Release|x64
		{CDC05E30-8D6C-4684-A500-E69A63BD6876}.Release|x86.ActiveCfg = Release|x86
		{CDC05E30-8D6C-4684-A500-E69A63BD6876}.Release|x86.Build.0 = Release|x86
		{CDC05E30-8D6C-4684-A500-E69A63BD6876}.Test|Any CPU.ActiveCfg = Release|Any CPU
		{CDC05E30-8D6C-4684-A500-E69A63BD6876}.Test|Any CPU.Build.0 = Release|Any CPU
		{CDC05E30-8D6C-4684-A500-E69A63BD6876}.Test|ARM.ActiveCfg = Release|ARM
		{CDC05E30-8D6C-4684-A500-E69A63BD6876}.Test|ARM.Build.0 = Release|ARM
		{CDC05E30-8D6C-4684-A500-E69A63BD6876}.Test|x64.ActiveCfg = Release|x64
		{CDC05E30-8D6C-4684-A500-E69A63BD6876}.Test|x64.Build.0 = Release|x64
		{CDC05E30-8D6C-4684-A500-E69A63BD6876}.Test|x86.ActiveCfg = Release|x86
		{CDC05E30-8D6C-4684-A500-E69A63BD6876}.Test|x86.Build.0 = Release|x86
		{32B0338D-46CF-47D0-B6E7-4F5D1E88CAB2}.Debug|Any CPU.ActiveCfg = Debug|Any CPU
		{32B0338D-46CF-47D0-B6E7-4F5D1E88CAB2}.Debug|Any CPU.Build.0 = Debug|Any CPU
		{32B0338D-46CF-47D0-B6E7-4F5D1E88CAB2}.Debug|ARM.ActiveCfg = Debug|Any CPU
		{32B0338D-46CF-47D0-B6E7-4F5D1E88CAB2}.Debug|ARM.Build.0 = Debug|Any CPU
		{32B0338D-46CF-47D0-B6E7-4F5D1E88CAB2}.Debug|x64.ActiveCfg = Debug|Any CPU
		{32B0338D-46CF-47D0-B6E7-4F5D1E88CAB2}.Debug|x64.Build.0 = Debug|Any CPU
		{32B0338D-46CF-47D0-B6E7-4F5D1E88CAB2}.Debug|x86.ActiveCfg = Debug|Any CPU
		{32B0338D-46CF-47D0-B6E7-4F5D1E88CAB2}.Debug|x86.Build.0 = Debug|Any CPU
		{32B0338D-46CF-47D0-B6E7-4F5D1E88CAB2}.Development|Any CPU.ActiveCfg = Debug|Any CPU
		{32B0338D-46CF-47D0-B6E7-4F5D1E88CAB2}.Development|Any CPU.Build.0 = Debug|Any CPU
		{32B0338D-46CF-47D0-B6E7-4F5D1E88CAB2}.Development|ARM.ActiveCfg = Debug|Any CPU
		{32B0338D-46CF-47D0-B6E7-4F5D1E88CAB2}.Development|ARM.Build.0 = Debug|Any CPU
		{32B0338D-46CF-47D0-B6E7-4F5D1E88CAB2}.Development|x64.ActiveCfg = Debug|Any CPU
		{32B0338D-46CF-47D0-B6E7-4F5D1E88CAB2}.Development|x64.Build.0 = Debug|Any CPU
		{32B0338D-46CF-47D0-B6E7-4F5D1E88CAB2}.Development|x86.ActiveCfg = Debug|Any CPU
		{32B0338D-46CF-47D0-B6E7-4F5D1E88CAB2}.Development|x86.Build.0 = Debug|Any CPU
		{32B0338D-46CF-47D0-B6E7-4F5D1E88CAB2}.Local|Any CPU.ActiveCfg = Release|Any CPU
		{32B0338D-46CF-47D0-B6E7-4F5D1E88CAB2}.Local|Any CPU.Build.0 = Release|Any CPU
		{32B0338D-46CF-47D0-B6E7-4F5D1E88CAB2}.Local|ARM.ActiveCfg = Release|Any CPU
		{32B0338D-46CF-47D0-B6E7-4F5D1E88CAB2}.Local|ARM.Build.0 = Release|Any CPU
		{32B0338D-46CF-47D0-B6E7-4F5D1E88CAB2}.Local|x64.ActiveCfg = Release|Any CPU
		{32B0338D-46CF-47D0-B6E7-4F5D1E88CAB2}.Local|x64.Build.0 = Release|Any CPU
		{32B0338D-46CF-47D0-B6E7-4F5D1E88CAB2}.Local|x86.ActiveCfg = Release|Any CPU
		{32B0338D-46CF-47D0-B6E7-4F5D1E88CAB2}.Local|x86.Build.0 = Release|Any CPU
		{32B0338D-46CF-47D0-B6E7-4F5D1E88CAB2}.Release|Any CPU.ActiveCfg = Release|Any CPU
		{32B0338D-46CF-47D0-B6E7-4F5D1E88CAB2}.Release|Any CPU.Build.0 = Release|Any CPU
		{32B0338D-46CF-47D0-B6E7-4F5D1E88CAB2}.Release|ARM.ActiveCfg = Release|Any CPU
		{32B0338D-46CF-47D0-B6E7-4F5D1E88CAB2}.Release|ARM.Build.0 = Release|Any CPU
		{32B0338D-46CF-47D0-B6E7-4F5D1E88CAB2}.Release|x64.ActiveCfg = Release|Any CPU
		{32B0338D-46CF-47D0-B6E7-4F5D1E88CAB2}.Release|x64.Build.0 = Release|Any CPU
		{32B0338D-46CF-47D0-B6E7-4F5D1E88CAB2}.Release|x86.ActiveCfg = Release|Any CPU
		{32B0338D-46CF-47D0-B6E7-4F5D1E88CAB2}.Release|x86.Build.0 = Release|Any CPU
		{32B0338D-46CF-47D0-B6E7-4F5D1E88CAB2}.Test|Any CPU.ActiveCfg = Release|Any CPU
		{32B0338D-46CF-47D0-B6E7-4F5D1E88CAB2}.Test|Any CPU.Build.0 = Release|Any CPU
		{32B0338D-46CF-47D0-B6E7-4F5D1E88CAB2}.Test|ARM.ActiveCfg = Release|Any CPU
		{32B0338D-46CF-47D0-B6E7-4F5D1E88CAB2}.Test|ARM.Build.0 = Release|Any CPU
		{32B0338D-46CF-47D0-B6E7-4F5D1E88CAB2}.Test|x64.ActiveCfg = Release|Any CPU
		{32B0338D-46CF-47D0-B6E7-4F5D1E88CAB2}.Test|x64.Build.0 = Release|Any CPU
		{32B0338D-46CF-47D0-B6E7-4F5D1E88CAB2}.Test|x86.ActiveCfg = Release|Any CPU
		{32B0338D-46CF-47D0-B6E7-4F5D1E88CAB2}.Test|x86.Build.0 = Release|Any CPU
		{9A49CA7A-FBAD-442C-8BDF-1B6B12592457}.Debug|Any CPU.ActiveCfg = Debug|Any CPU
		{9A49CA7A-FBAD-442C-8BDF-1B6B12592457}.Debug|Any CPU.Build.0 = Debug|Any CPU
		{9A49CA7A-FBAD-442C-8BDF-1B6B12592457}.Debug|ARM.ActiveCfg = Debug|Any CPU
		{9A49CA7A-FBAD-442C-8BDF-1B6B12592457}.Debug|ARM.Build.0 = Debug|Any CPU
		{9A49CA7A-FBAD-442C-8BDF-1B6B12592457}.Debug|x64.ActiveCfg = Debug|Any CPU
		{9A49CA7A-FBAD-442C-8BDF-1B6B12592457}.Debug|x64.Build.0 = Debug|Any CPU
		{9A49CA7A-FBAD-442C-8BDF-1B6B12592457}.Debug|x86.ActiveCfg = Debug|Any CPU
		{9A49CA7A-FBAD-442C-8BDF-1B6B12592457}.Debug|x86.Build.0 = Debug|Any CPU
		{9A49CA7A-FBAD-442C-8BDF-1B6B12592457}.Development|Any CPU.ActiveCfg = Debug|Any CPU
		{9A49CA7A-FBAD-442C-8BDF-1B6B12592457}.Development|Any CPU.Build.0 = Debug|Any CPU
		{9A49CA7A-FBAD-442C-8BDF-1B6B12592457}.Development|ARM.ActiveCfg = Debug|Any CPU
		{9A49CA7A-FBAD-442C-8BDF-1B6B12592457}.Development|ARM.Build.0 = Debug|Any CPU
		{9A49CA7A-FBAD-442C-8BDF-1B6B12592457}.Development|x64.ActiveCfg = Debug|Any CPU
		{9A49CA7A-FBAD-442C-8BDF-1B6B12592457}.Development|x64.Build.0 = Debug|Any CPU
		{9A49CA7A-FBAD-442C-8BDF-1B6B12592457}.Development|x86.ActiveCfg = Debug|Any CPU
		{9A49CA7A-FBAD-442C-8BDF-1B6B12592457}.Development|x86.Build.0 = Debug|Any CPU
		{9A49CA7A-FBAD-442C-8BDF-1B6B12592457}.Local|Any CPU.ActiveCfg = Release|Any CPU
		{9A49CA7A-FBAD-442C-8BDF-1B6B12592457}.Local|Any CPU.Build.0 = Release|Any CPU
		{9A49CA7A-FBAD-442C-8BDF-1B6B12592457}.Local|ARM.ActiveCfg = Release|Any CPU
		{9A49CA7A-FBAD-442C-8BDF-1B6B12592457}.Local|ARM.Build.0 = Release|Any CPU
		{9A49CA7A-FBAD-442C-8BDF-1B6B12592457}.Local|x64.ActiveCfg = Release|Any CPU
		{9A49CA7A-FBAD-442C-8BDF-1B6B12592457}.Local|x64.Build.0 = Release|Any CPU
		{9A49CA7A-FBAD-442C-8BDF-1B6B12592457}.Local|x86.ActiveCfg = Release|Any CPU
		{9A49CA7A-FBAD-442C-8BDF-1B6B12592457}.Local|x86.Build.0 = Release|Any CPU
		{9A49CA7A-FBAD-442C-8BDF-1B6B12592457}.Release|Any CPU.ActiveCfg = Release|Any CPU
		{9A49CA7A-FBAD-442C-8BDF-1B6B12592457}.Release|Any CPU.Build.0 = Release|Any CPU
		{9A49CA7A-FBAD-442C-8BDF-1B6B12592457}.Release|ARM.ActiveCfg = Release|Any CPU
		{9A49CA7A-FBAD-442C-8BDF-1B6B12592457}.Release|ARM.Build.0 = Release|Any CPU
		{9A49CA7A-FBAD-442C-8BDF-1B6B12592457}.Release|x64.ActiveCfg = Release|Any CPU
		{9A49CA7A-FBAD-442C-8BDF-1B6B12592457}.Release|x64.Build.0 = Release|Any CPU
		{9A49CA7A-FBAD-442C-8BDF-1B6B12592457}.Release|x86.ActiveCfg = Release|Any CPU
		{9A49CA7A-FBAD-442C-8BDF-1B6B12592457}.Release|x86.Build.0 = Release|Any CPU
		{9A49CA7A-FBAD-442C-8BDF-1B6B12592457}.Test|Any CPU.ActiveCfg = Release|Any CPU
		{9A49CA7A-FBAD-442C-8BDF-1B6B12592457}.Test|Any CPU.Build.0 = Release|Any CPU
		{9A49CA7A-FBAD-442C-8BDF-1B6B12592457}.Test|ARM.ActiveCfg = Release|Any CPU
		{9A49CA7A-FBAD-442C-8BDF-1B6B12592457}.Test|ARM.Build.0 = Release|Any CPU
		{9A49CA7A-FBAD-442C-8BDF-1B6B12592457}.Test|x64.ActiveCfg = Release|Any CPU
		{9A49CA7A-FBAD-442C-8BDF-1B6B12592457}.Test|x64.Build.0 = Release|Any CPU
		{9A49CA7A-FBAD-442C-8BDF-1B6B12592457}.Test|x86.ActiveCfg = Release|Any CPU
		{9A49CA7A-FBAD-442C-8BDF-1B6B12592457}.Test|x86.Build.0 = Release|Any CPU
		{CBEB7F3D-468F-40DF-99BB-D289926E1A7B}.Debug|Any CPU.ActiveCfg = Debug|Any CPU
		{CBEB7F3D-468F-40DF-99BB-D289926E1A7B}.Debug|Any CPU.Build.0 = Debug|Any CPU
		{CBEB7F3D-468F-40DF-99BB-D289926E1A7B}.Debug|ARM.ActiveCfg = Debug|Any CPU
		{CBEB7F3D-468F-40DF-99BB-D289926E1A7B}.Debug|ARM.Build.0 = Debug|Any CPU
		{CBEB7F3D-468F-40DF-99BB-D289926E1A7B}.Debug|x64.ActiveCfg = Debug|Any CPU
		{CBEB7F3D-468F-40DF-99BB-D289926E1A7B}.Debug|x64.Build.0 = Debug|Any CPU
		{CBEB7F3D-468F-40DF-99BB-D289926E1A7B}.Debug|x86.ActiveCfg = Debug|Any CPU
		{CBEB7F3D-468F-40DF-99BB-D289926E1A7B}.Debug|x86.Build.0 = Debug|Any CPU
		{CBEB7F3D-468F-40DF-99BB-D289926E1A7B}.Development|Any CPU.ActiveCfg = Debug|Any CPU
		{CBEB7F3D-468F-40DF-99BB-D289926E1A7B}.Development|Any CPU.Build.0 = Debug|Any CPU
		{CBEB7F3D-468F-40DF-99BB-D289926E1A7B}.Development|ARM.ActiveCfg = Debug|Any CPU
		{CBEB7F3D-468F-40DF-99BB-D289926E1A7B}.Development|ARM.Build.0 = Debug|Any CPU
		{CBEB7F3D-468F-40DF-99BB-D289926E1A7B}.Development|x64.ActiveCfg = Debug|Any CPU
		{CBEB7F3D-468F-40DF-99BB-D289926E1A7B}.Development|x64.Build.0 = Debug|Any CPU
		{CBEB7F3D-468F-40DF-99BB-D289926E1A7B}.Development|x86.ActiveCfg = Debug|Any CPU
		{CBEB7F3D-468F-40DF-99BB-D289926E1A7B}.Development|x86.Build.0 = Debug|Any CPU
		{CBEB7F3D-468F-40DF-99BB-D289926E1A7B}.Local|Any CPU.ActiveCfg = Release|Any CPU
		{CBEB7F3D-468F-40DF-99BB-D289926E1A7B}.Local|Any CPU.Build.0 = Release|Any CPU
		{CBEB7F3D-468F-40DF-99BB-D289926E1A7B}.Local|ARM.ActiveCfg = Release|Any CPU
		{CBEB7F3D-468F-40DF-99BB-D289926E1A7B}.Local|ARM.Build.0 = Release|Any CPU
		{CBEB7F3D-468F-40DF-99BB-D289926E1A7B}.Local|x64.ActiveCfg = Release|Any CPU
		{CBEB7F3D-468F-40DF-99BB-D289926E1A7B}.Local|x64.Build.0 = Release|Any CPU
		{CBEB7F3D-468F-40DF-99BB-D289926E1A7B}.Local|x86.ActiveCfg = Release|Any CPU
		{CBEB7F3D-468F-40DF-99BB-D289926E1A7B}.Local|x86.Build.0 = Release|Any CPU
		{CBEB7F3D-468F-40DF-99BB-D289926E1A7B}.Release|Any CPU.ActiveCfg = Release|Any CPU
		{CBEB7F3D-468F-40DF-99BB-D289926E1A7B}.Release|Any CPU.Build.0 = Release|Any CPU
		{CBEB7F3D-468F-40DF-99BB-D289926E1A7B}.Release|ARM.ActiveCfg = Release|Any CPU
		{CBEB7F3D-468F-40DF-99BB-D289926E1A7B}.Release|ARM.Build.0 = Release|Any CPU
		{CBEB7F3D-468F-40DF-99BB-D289926E1A7B}.Release|x64.ActiveCfg = Release|Any CPU
		{CBEB7F3D-468F-40DF-99BB-D289926E1A7B}.Release|x64.Build.0 = Release|Any CPU
		{CBEB7F3D-468F-40DF-99BB-D289926E1A7B}.Release|x86.ActiveCfg = Release|Any CPU
		{CBEB7F3D-468F-40DF-99BB-D289926E1A7B}.Release|x86.Build.0 = Release|Any CPU
		{CBEB7F3D-468F-40DF-99BB-D289926E1A7B}.Test|Any CPU.ActiveCfg = Release|Any CPU
		{CBEB7F3D-468F-40DF-99BB-D289926E1A7B}.Test|Any CPU.Build.0 = Release|Any CPU
		{CBEB7F3D-468F-40DF-99BB-D289926E1A7B}.Test|ARM.ActiveCfg = Release|Any CPU
		{CBEB7F3D-468F-40DF-99BB-D289926E1A7B}.Test|ARM.Build.0 = Release|Any CPU
		{CBEB7F3D-468F-40DF-99BB-D289926E1A7B}.Test|x64.ActiveCfg = Release|Any CPU
		{CBEB7F3D-468F-40DF-99BB-D289926E1A7B}.Test|x64.Build.0 = Release|Any CPU
		{CBEB7F3D-468F-40DF-99BB-D289926E1A7B}.Test|x86.ActiveCfg = Release|Any CPU
		{CBEB7F3D-468F-40DF-99BB-D289926E1A7B}.Test|x86.Build.0 = Release|Any CPU
		{E10E39C1-7815-416B-A8E5-E8900F1A1BD5}.Debug|Any CPU.ActiveCfg = Debug|Any CPU
		{E10E39C1-7815-416B-A8E5-E8900F1A1BD5}.Debug|Any CPU.Build.0 = Debug|Any CPU
		{E10E39C1-7815-416B-A8E5-E8900F1A1BD5}.Debug|ARM.ActiveCfg = Debug|Any CPU
		{E10E39C1-7815-416B-A8E5-E8900F1A1BD5}.Debug|ARM.Build.0 = Debug|Any CPU
		{E10E39C1-7815-416B-A8E5-E8900F1A1BD5}.Debug|x64.ActiveCfg = Debug|Any CPU
		{E10E39C1-7815-416B-A8E5-E8900F1A1BD5}.Debug|x64.Build.0 = Debug|Any CPU
		{E10E39C1-7815-416B-A8E5-E8900F1A1BD5}.Debug|x86.ActiveCfg = Debug|Any CPU
		{E10E39C1-7815-416B-A8E5-E8900F1A1BD5}.Debug|x86.Build.0 = Debug|Any CPU
		{E10E39C1-7815-416B-A8E5-E8900F1A1BD5}.Development|Any CPU.ActiveCfg = Debug|Any CPU
		{E10E39C1-7815-416B-A8E5-E8900F1A1BD5}.Development|Any CPU.Build.0 = Debug|Any CPU
		{E10E39C1-7815-416B-A8E5-E8900F1A1BD5}.Development|ARM.ActiveCfg = Debug|Any CPU
		{E10E39C1-7815-416B-A8E5-E8900F1A1BD5}.Development|ARM.Build.0 = Debug|Any CPU
		{E10E39C1-7815-416B-A8E5-E8900F1A1BD5}.Development|x64.ActiveCfg = Debug|Any CPU
		{E10E39C1-7815-416B-A8E5-E8900F1A1BD5}.Development|x64.Build.0 = Debug|Any CPU
		{E10E39C1-7815-416B-A8E5-E8900F1A1BD5}.Development|x86.ActiveCfg = Debug|Any CPU
		{E10E39C1-7815-416B-A8E5-E8900F1A1BD5}.Development|x86.Build.0 = Debug|Any CPU
		{E10E39C1-7815-416B-A8E5-E8900F1A1BD5}.Local|Any CPU.ActiveCfg = Release|Any CPU
		{E10E39C1-7815-416B-A8E5-E8900F1A1BD5}.Local|Any CPU.Build.0 = Release|Any CPU
		{E10E39C1-7815-416B-A8E5-E8900F1A1BD5}.Local|ARM.ActiveCfg = Release|Any CPU
		{E10E39C1-7815-416B-A8E5-E8900F1A1BD5}.Local|ARM.Build.0 = Release|Any CPU
		{E10E39C1-7815-416B-A8E5-E8900F1A1BD5}.Local|x64.ActiveCfg = Release|Any CPU
		{E10E39C1-7815-416B-A8E5-E8900F1A1BD5}.Local|x64.Build.0 = Release|Any CPU
		{E10E39C1-7815-416B-A8E5-E8900F1A1BD5}.Local|x86.ActiveCfg = Release|Any CPU
		{E10E39C1-7815-416B-A8E5-E8900F1A1BD5}.Local|x86.Build.0 = Release|Any CPU
		{E10E39C1-7815-416B-A8E5-E8900F1A1BD5}.Release|Any CPU.ActiveCfg = Release|Any CPU
		{E10E39C1-7815-416B-A8E5-E8900F1A1BD5}.Release|Any CPU.Build.0 = Release|Any CPU
		{E10E39C1-7815-416B-A8E5-E8900F1A1BD5}.Release|ARM.ActiveCfg = Release|Any CPU
		{E10E39C1-7815-416B-A8E5-E8900F1A1BD5}.Release|ARM.Build.0 = Release|Any CPU
		{E10E39C1-7815-416B-A8E5-E8900F1A1BD5}.Release|x64.ActiveCfg = Release|Any CPU
		{E10E39C1-7815-416B-A8E5-E8900F1A1BD5}.Release|x64.Build.0 = Release|Any CPU
		{E10E39C1-7815-416B-A8E5-E8900F1A1BD5}.Release|x86.ActiveCfg = Release|Any CPU
		{E10E39C1-7815-416B-A8E5-E8900F1A1BD5}.Release|x86.Build.0 = Release|Any CPU
		{E10E39C1-7815-416B-A8E5-E8900F1A1BD5}.Test|Any CPU.ActiveCfg = Release|Any CPU
		{E10E39C1-7815-416B-A8E5-E8900F1A1BD5}.Test|Any CPU.Build.0 = Release|Any CPU
		{E10E39C1-7815-416B-A8E5-E8900F1A1BD5}.Test|ARM.ActiveCfg = Release|Any CPU
		{E10E39C1-7815-416B-A8E5-E8900F1A1BD5}.Test|ARM.Build.0 = Release|Any CPU
		{E10E39C1-7815-416B-A8E5-E8900F1A1BD5}.Test|x64.ActiveCfg = Release|Any CPU
		{E10E39C1-7815-416B-A8E5-E8900F1A1BD5}.Test|x64.Build.0 = Release|Any CPU
		{E10E39C1-7815-416B-A8E5-E8900F1A1BD5}.Test|x86.ActiveCfg = Release|Any CPU
		{E10E39C1-7815-416B-A8E5-E8900F1A1BD5}.Test|x86.Build.0 = Release|Any CPU
	EndGlobalSection
	GlobalSection(SolutionProperties) = preSolution
		HideSolutionNode = FALSE
	EndGlobalSection
	GlobalSection(NestedProjects) = preSolution
		{F2888462-7197-43CD-AEE5-C86BAB483ADD} = {D966D6A7-3CB4-4F89-A0BE-3BFCFB0669E8}
		{280B6B78-F0D9-4A71-911E-C3DFA0F138A2} = {A235FDF4-16DC-4397-AAD2-EE929C0F45BC}
		{981E7A95-B1CE-4271-AC92-996D82DFD755} = {13805526-142A-4814-92D0-1D875A0A3620}
		{AFA7B620-980A-4741-A0F6-EE456776BC99} = {B6FE9EFC-4842-4D4B-859C-706C857CFACF}
		{E8FEA75D-DB16-46DF-AE6C-98540A050D9A} = {B6FE9EFC-4842-4D4B-859C-706C857CFACF}
		{02196E86-73FF-4552-AC82-141E5DA48C27} = {E8FEA75D-DB16-46DF-AE6C-98540A050D9A}
		{CDC05E30-8D6C-4684-A500-E69A63BD6876} = {AFA7B620-980A-4741-A0F6-EE456776BC99}
		{B88315BF-C943-45ED-B7C1-09585F05253D} = {4FFC67EB-9FA7-4F0E-959D-1B593F3F0D1A}
		{CF8A6BFF-BFB0-4B80-9C4B-DCE7E0B80B5D} = {B6FE9EFC-4842-4D4B-859C-706C857CFACF}
		{9A49CA7A-FBAD-442C-8BDF-1B6B12592457} = {CF8A6BFF-BFB0-4B80-9C4B-DCE7E0B80B5D}
		{CBEB7F3D-468F-40DF-99BB-D289926E1A7B} = {A182AB60-3760-45A4-91D0-F3D6550E6C53}
		{E10E39C1-7815-416B-A8E5-E8900F1A1BD5} = {CF8A6BFF-BFB0-4B80-9C4B-DCE7E0B80B5D}
	EndGlobalSection
EndGlobal
