
Microsoft Visual Studio Solution File, Format Version 12.00
# Visual Studio 14
VisualStudioVersion = 14.0.23107.0
MinimumVisualStudioVersion = 10.0.40219.1
Project("{FAE04EC0-301F-11D3-BF4B-00C04F79EFBC}") = "SHS.Platform.Common", "SHS.Platform.Common.csproj", "{5D09D172-5756-48FD-89CC-C02681641843}"
EndProject
Global
	GlobalSection(SolutionConfigurationPlatforms) = preSolution
		Debug|Any CPU = Debug|Any CPU
		Development|Any CPU = Development|Any CPU
		Local|Any CPU = Local|Any CPU
		Release|Any CPU = Release|Any CPU
		Test|Any CPU = Test|Any CPU
	EndGlobalSection
	GlobalSection(ProjectConfigurationPlatforms) = postSolution
		{5D09D172-5756-48FD-89CC-C02681641843}.Debug|Any CPU.ActiveCfg = Debug|Any CPU
		{5D09D172-5756-48FD-89CC-C02681641843}.Debug|Any CPU.Build.0 = Debug|Any CPU
		{5D09D172-5756-48FD-89CC-C02681641843}.Development|Any CPU.ActiveCfg = Development|Any CPU
		{5D09D172-5756-48FD-89CC-C02681641843}.Development|Any CPU.Build.0 = Development|Any CPU
		{5D09D172-5756-48FD-89CC-C02681641843}.Local|Any CPU.ActiveCfg = Local|Any CPU
		{5D09D172-5756-48FD-89CC-C02681641843}.Local|Any CPU.Build.0 = Local|Any CPU
		{5D09D172-5756-48FD-89CC-C02681641843}.Release|Any CPU.ActiveCfg = Release|Any CPU
		{5D09D172-5756-48FD-89CC-C02681641843}.Release|Any CPU.Build.0 = Release|Any CPU
		{5D09D172-5756-48FD-89CC-C02681641843}.Test|Any CPU.ActiveCfg = Test|Any CPU
		{5D09D172-5756-48FD-89CC-C02681641843}.Test|Any CPU.Build.0 = Test|Any CPU
	EndGlobalSection
	GlobalSection(SolutionProperties) = preSolution
		HideSolutionNode = FALSE
	EndGlobalSection
EndGlobal
